
Microsoft Visual Studio Solution File, Format Version 12.00
# Visual Studio Version 16
VisualStudioVersion = 16.0.31205.134
MinimumVisualStudioVersion = 10.0.40219.1
Project("{FAE04EC0-301F-11D3-BF4B-00C04F79EFBC}") = "sessia", "sessia\sessia.csproj", "{92B77372-9FBC-4EAA-9EAA-5D070F41A9E7}"
EndProject
Global
	GlobalSection(SolutionConfigurationPlatforms) = preSolution
		Debug|Any CPU = Debug|Any CPU
		Release|Any CPU = Release|Any CPU
	EndGlobalSection
	GlobalSection(ProjectConfigurationPlatforms) = postSolution
		{92B77372-9FBC-4EAA-9EAA-5D070F41A9E7}.Debug|Any CPU.ActiveCfg = Debug|Any CPU
		{92B77372-9FBC-4EAA-9EAA-5D070F41A9E7}.Debug|Any CPU.Build.0 = Debug|Any CPU
		{92B77372-9FBC-4EAA-9EAA-5D070F41A9E7}.Release|Any CPU.ActiveCfg = Release|Any CPU
		{92B77372-9FBC-4EAA-9EAA-5D070F41A9E7}.Release|Any CPU.Build.0 = Release|Any CPU
	EndGlobalSection
	GlobalSection(SolutionProperties) = preSolution
		HideSolutionNode = FALSE
	EndGlobalSection
	GlobalSection(ExtensibilityGlobals) = postSolution
		SolutionGuid = {226B3D4B-6925-474F-8470-F800815E874A}
	EndGlobalSection
EndGlobal
